
Microsoft Visual Studio Solution File, Format Version 12.00
# Visual Studio Version 17
VisualStudioVersion = 17.3.32819.101
MinimumVisualStudioVersion = 10.0.40219.1
Project("{FAE04EC0-301F-11D3-BF4B-00C04F79EFBC}") = "PizzaApp.Android", "PizzaApp\PizzaApp.Android\PizzaApp.Android.csproj", "{625E0846-0BCF-4352-A3C2-6BDE8A51794D}"
EndProject
Project("{FAE04EC0-301F-11D3-BF4B-00C04F79EFBC}") = "PizzaApp", "PizzaApp\PizzaApp\PizzaApp.csproj", "{4F53857B-0AFE-4C59-B1CA-A7C0FB5AE2F0}"
EndProject
Global
	GlobalSection(SolutionConfigurationPlatforms) = preSolution
		Debug|Any CPU = Debug|Any CPU
		Release|Any CPU = Release|Any CPU
	EndGlobalSection
	GlobalSection(ProjectConfigurationPlatforms) = postSolution
		{625E0846-0BCF-4352-A3C2-6BDE8A51794D}.Debug|Any CPU.ActiveCfg = Debug|Any CPU
		{625E0846-0BCF-4352-A3C2-6BDE8A51794D}.Debug|Any CPU.Build.0 = Debug|Any CPU
		{625E0846-0BCF-4352-A3C2-6BDE8A51794D}.Debug|Any CPU.Deploy.0 = Debug|Any CPU
		{625E0846-0BCF-4352-A3C2-6BDE8A51794D}.Release|Any CPU.ActiveCfg = Release|Any CPU
		{625E0846-0BCF-4352-A3C2-6BDE8A51794D}.Release|Any CPU.Build.0 = Release|Any CPU
		{625E0846-0BCF-4352-A3C2-6BDE8A51794D}.Release|Any CPU.Deploy.0 = Release|Any CPU
		{4F53857B-0AFE-4C59-B1CA-A7C0FB5AE2F0}.Debug|Any CPU.ActiveCfg = Debug|Any CPU
		{4F53857B-0AFE-4C59-B1CA-A7C0FB5AE2F0}.Debug|Any CPU.Build.0 = Debug|Any CPU
		{4F53857B-0AFE-4C59-B1CA-A7C0FB5AE2F0}.Debug|Any CPU.Deploy.0 = Debug|Any CPU
		{4F53857B-0AFE-4C59-B1CA-A7C0FB5AE2F0}.Release|Any CPU.ActiveCfg = Release|Any CPU
		{4F53857B-0AFE-4C59-B1CA-A7C0FB5AE2F0}.Release|Any CPU.Build.0 = Release|Any CPU
		{4F53857B-0AFE-4C59-B1CA-A7C0FB5AE2F0}.Release|Any CPU.Deploy.0 = Release|Any CPU
	EndGlobalSection
	GlobalSection(SolutionProperties) = preSolution
		HideSolutionNode = FALSE
	EndGlobalSection
	GlobalSection(ExtensibilityGlobals) = postSolution
		SolutionGuid = {7B2DD621-8B19-4753-9C1E-1F412F96B7F3}
	EndGlobalSection
EndGlobal
